// !$*UTF8*$!
{
	archiveVersion = 1;
	classes = {
	};
	objectVersion = 46;
	objects = {

/* Begin PBXBuildFile section */
		290B81641AEC352000E6AEF5 /* DashboardTableViewCell.swift in Sources */ = {isa = PBXBuildFile; fileRef = 290B81631AEC352000E6AEF5 /* DashboardTableViewCell.swift */; };
		293F447C1A84073000A43234 /* AppDelegate.swift in Sources */ = {isa = PBXBuildFile; fileRef = 293F447B1A84073000A43234 /* AppDelegate.swift */; };
		293F44811A84073000A43234 /* Main.storyboard in Resources */ = {isa = PBXBuildFile; fileRef = 293F447F1A84073000A43234 /* Main.storyboard */; };
		293F44831A84073000A43234 /* Images.xcassets in Resources */ = {isa = PBXBuildFile; fileRef = 293F44821A84073000A43234 /* Images.xcassets */; };
		293F44861A84073000A43234 /* LaunchScreen.xib in Resources */ = {isa = PBXBuildFile; fileRef = 293F44841A84073000A43234 /* LaunchScreen.xib */; };
		293F44921A84073000A43234 /* eXpenseTests.swift in Sources */ = {isa = PBXBuildFile; fileRef = 293F44911A84073000A43234 /* eXpenseTests.swift */; };
		293F44A11A840F8800A43234 /* LandingViewController.swift in Sources */ = {isa = PBXBuildFile; fileRef = 293F44A01A840F8800A43234 /* LandingViewController.swift */; };
		293F44A31A840FA700A43234 /* TouchIDLoginViewController.swift in Sources */ = {isa = PBXBuildFile; fileRef = 293F44A21A840FA700A43234 /* TouchIDLoginViewController.swift */; };
		293F44A51A840FC100A43234 /* LoginViewController.swift in Sources */ = {isa = PBXBuildFile; fileRef = 293F44A41A840FC100A43234 /* LoginViewController.swift */; };
		293F44A71A840FEB00A43234 /* SignUpViewController.swift in Sources */ = {isa = PBXBuildFile; fileRef = 293F44A61A840FEB00A43234 /* SignUpViewController.swift */; };
		293F44A91A84109200A43234 /* DashboardViewController.swift in Sources */ = {isa = PBXBuildFile; fileRef = 293F44A81A84109200A43234 /* DashboardViewController.swift */; };
		293F44B11A84137700A43234 /* TripsViewController.swift in Sources */ = {isa = PBXBuildFile; fileRef = 293F44B01A84137700A43234 /* TripsViewController.swift */; };
		295B83191AD8963B0032B9B4 /* OneTimeExpense.swift in Sources */ = {isa = PBXBuildFile; fileRef = 295B83181AD8963B0032B9B4 /* OneTimeExpense.swift */; };
		295B831B1AD8C42A0032B9B4 /* TripExpense.swift in Sources */ = {isa = PBXBuildFile; fileRef = 295B831A1AD8C42A0032B9B4 /* TripExpense.swift */; };
		297A3C761AE000CC0070C8D2 /* tripExpenses.json in Resources */ = {isa = PBXBuildFile; fileRef = 297A3C751AE000CC0070C8D2 /* tripExpenses.json */; };
		297A3CA61AE0A4580070C8D2 /* Expense.swift in Sources */ = {isa = PBXBuildFile; fileRef = 297A3CA51AE0A4580070C8D2 /* Expense.swift */; };
		298EC4151ACF331900764B54 /* oneTimeExpenses.json in Resources */ = {isa = PBXBuildFile; fileRef = 298EC4141ACF331900764B54 /* oneTimeExpenses.json */; };
		299359871A97DF4D0091259A /* TransitionManager.swift in Sources */ = {isa = PBXBuildFile; fileRef = 299359861A97DF4D0091259A /* TransitionManager.swift */; };
		299E5E741A978566007A4A2E /* Model.swift in Sources */ = {isa = PBXBuildFile; fileRef = 299E5E731A978566007A4A2E /* Model.swift */; };
		29AE1D401A990FFF003C6142 /* Authentication.swift in Sources */ = {isa = PBXBuildFile; fileRef = 29AE1D3F1A990FFF003C6142 /* Authentication.swift */; };
		44241A691AEDE224003C7DAF /* TextFieldTableViewCell.swift in Sources */ = {isa = PBXBuildFile; fileRef = 44241A681AEDE224003C7DAF /* TextFieldTableViewCell.swift */; };
		44241A6B1AEDE2AA003C7DAF /* TextAreaTableViewCell.swift in Sources */ = {isa = PBXBuildFile; fileRef = 44241A6A1AEDE2AA003C7DAF /* TextAreaTableViewCell.swift */; };
		44241A6D1AEDE303003C7DAF /* PickerViewTableViewCell.swift in Sources */ = {isa = PBXBuildFile; fileRef = 44241A6C1AEDE303003C7DAF /* PickerViewTableViewCell.swift */; };
		44241A6F1AEDE370003C7DAF /* DatePickerTableViewCell.swift in Sources */ = {isa = PBXBuildFile; fileRef = 44241A6E1AEDE370003C7DAF /* DatePickerTableViewCell.swift */; };
		44241A711AEDE40C003C7DAF /* NewOneTimeTableViewController.swift in Sources */ = {isa = PBXBuildFile; fileRef = 44241A701AEDE40C003C7DAF /* NewOneTimeTableViewController.swift */; };
		44241A731AEDE9A4003C7DAF /* PhotoCaptureTableViewCell.swift in Sources */ = {isa = PBXBuildFile; fileRef = 44241A721AEDE9A4003C7DAF /* PhotoCaptureTableViewCell.swift */; };
		444946BD1AF046C100FB542F /* TripsChoiceTableViewController.swift in Sources */ = {isa = PBXBuildFile; fileRef = 444946BC1AF046C100FB542F /* TripsChoiceTableViewController.swift */; };
		44B8C0DB1AEF3197003D283C /* NewTripTableViewController.swift in Sources */ = {isa = PBXBuildFile; fileRef = 44B8C0DA1AEF3197003D283C /* NewTripTableViewController.swift */; };
		C19767AB1AC9FBD2007B4D85 /* newTripTableViewController.swift in Sources */ = {isa = PBXBuildFile; fileRef = C19767AA1AC9FBD2007B4D85 /* newTripTableViewController.swift */; };
		C1C83EE71AB37C000049DF64 /* NewOneTimeExpenseTableViewController.swift in Sources */ = {isa = PBXBuildFile; fileRef = C1C83EE61AB37C000049DF64 /* NewOneTimeExpenseTableViewController.swift */; };
		C1EAB3711AF1C9700040C543 /* ReceiptViewController.swift in Sources */ = {isa = PBXBuildFile; fileRef = C1EAB3701AF1C9700040C543 /* ReceiptViewController.swift */; };
/* End PBXBuildFile section */

/* Begin PBXContainerItemProxy section */
		293F448C1A84073000A43234 /* PBXContainerItemProxy */ = {
			isa = PBXContainerItemProxy;
			containerPortal = 293F446E1A84073000A43234 /* Project object */;
			proxyType = 1;
			remoteGlobalIDString = 293F44751A84073000A43234;
			remoteInfo = eXpense;
		};
/* End PBXContainerItemProxy section */

/* Begin PBXFileReference section */
		290B81631AEC352000E6AEF5 /* DashboardTableViewCell.swift */ = {isa = PBXFileReference; fileEncoding = 4; lastKnownFileType = sourcecode.swift; name = DashboardTableViewCell.swift; path = Model/DashboardTableViewCell.swift; sourceTree = "<group>"; };
		293F44761A84073000A43234 /* eXpense.app */ = {isa = PBXFileReference; explicitFileType = wrapper.application; includeInIndex = 0; path = eXpense.app; sourceTree = BUILT_PRODUCTS_DIR; };
		293F447A1A84073000A43234 /* Info.plist */ = {isa = PBXFileReference; lastKnownFileType = text.plist.xml; path = Info.plist; sourceTree = "<group>"; };
		293F447B1A84073000A43234 /* AppDelegate.swift */ = {isa = PBXFileReference; lastKnownFileType = sourcecode.swift; path = AppDelegate.swift; sourceTree = "<group>"; };
		293F44801A84073000A43234 /* Base */ = {isa = PBXFileReference; lastKnownFileType = file.storyboard; name = Base; path = Base.lproj/Main.storyboard; sourceTree = "<group>"; };
		293F44821A84073000A43234 /* Images.xcassets */ = {isa = PBXFileReference; lastKnownFileType = folder.assetcatalog; path = Images.xcassets; sourceTree = "<group>"; };
		293F44851A84073000A43234 /* Base */ = {isa = PBXFileReference; lastKnownFileType = file.xib; name = Base; path = Base.lproj/LaunchScreen.xib; sourceTree = "<group>"; };
		293F448B1A84073000A43234 /* eXpenseTests.xctest */ = {isa = PBXFileReference; explicitFileType = wrapper.cfbundle; includeInIndex = 0; path = eXpenseTests.xctest; sourceTree = BUILT_PRODUCTS_DIR; };
		293F44901A84073000A43234 /* Info.plist */ = {isa = PBXFileReference; lastKnownFileType = text.plist.xml; path = Info.plist; sourceTree = "<group>"; };
		293F44911A84073000A43234 /* eXpenseTests.swift */ = {isa = PBXFileReference; lastKnownFileType = sourcecode.swift; path = eXpenseTests.swift; sourceTree = "<group>"; };
		293F44A01A840F8800A43234 /* LandingViewController.swift */ = {isa = PBXFileReference; fileEncoding = 4; lastKnownFileType = sourcecode.swift; name = LandingViewController.swift; path = ViewControllers/LandingViewController.swift; sourceTree = "<group>"; };
		293F44A21A840FA700A43234 /* TouchIDLoginViewController.swift */ = {isa = PBXFileReference; fileEncoding = 4; lastKnownFileType = sourcecode.swift; name = TouchIDLoginViewController.swift; path = ViewControllers/TouchIDLoginViewController.swift; sourceTree = "<group>"; };
		293F44A41A840FC100A43234 /* LoginViewController.swift */ = {isa = PBXFileReference; fileEncoding = 4; lastKnownFileType = sourcecode.swift; name = LoginViewController.swift; path = ViewControllers/LoginViewController.swift; sourceTree = "<group>"; };
		293F44A61A840FEB00A43234 /* SignUpViewController.swift */ = {isa = PBXFileReference; fileEncoding = 4; lastKnownFileType = sourcecode.swift; name = SignUpViewController.swift; path = ViewControllers/SignUpViewController.swift; sourceTree = "<group>"; };
		293F44A81A84109200A43234 /* DashboardViewController.swift */ = {isa = PBXFileReference; fileEncoding = 4; lastKnownFileType = sourcecode.swift; name = DashboardViewController.swift; path = ViewControllers/DashboardViewController.swift; sourceTree = "<group>"; };
		293F44B01A84137700A43234 /* TripsViewController.swift */ = {isa = PBXFileReference; fileEncoding = 4; lastKnownFileType = sourcecode.swift; name = TripsViewController.swift; path = ViewControllers/TripsViewController.swift; sourceTree = "<group>"; };
		295B83181AD8963B0032B9B4 /* OneTimeExpense.swift */ = {isa = PBXFileReference; fileEncoding = 4; lastKnownFileType = sourcecode.swift; name = OneTimeExpense.swift; path = Model/OneTimeExpense.swift; sourceTree = "<group>"; };
		295B831A1AD8C42A0032B9B4 /* TripExpense.swift */ = {isa = PBXFileReference; fileEncoding = 4; lastKnownFileType = sourcecode.swift; name = TripExpense.swift; path = Model/TripExpense.swift; sourceTree = "<group>"; };
		297A3C751AE000CC0070C8D2 /* tripExpenses.json */ = {isa = PBXFileReference; fileEncoding = 4; lastKnownFileType = text.json; path = tripExpenses.json; sourceTree = "<group>"; };
		297A3CA51AE0A4580070C8D2 /* Expense.swift */ = {isa = PBXFileReference; fileEncoding = 4; lastKnownFileType = sourcecode.swift; name = Expense.swift; path = Model/Expense.swift; sourceTree = "<group>"; };
		298EC4141ACF331900764B54 /* oneTimeExpenses.json */ = {isa = PBXFileReference; fileEncoding = 4; lastKnownFileType = text.json; path = oneTimeExpenses.json; sourceTree = "<group>"; };
		299359861A97DF4D0091259A /* TransitionManager.swift */ = {isa = PBXFileReference; fileEncoding = 4; lastKnownFileType = sourcecode.swift; path = TransitionManager.swift; sourceTree = "<group>"; };
		299E5E731A978566007A4A2E /* Model.swift */ = {isa = PBXFileReference; fileEncoding = 4; lastKnownFileType = sourcecode.swift; name = Model.swift; path = Model/Model.swift; sourceTree = "<group>"; };
		29AE1D3F1A990FFF003C6142 /* Authentication.swift */ = {isa = PBXFileReference; fileEncoding = 4; lastKnownFileType = sourcecode.swift; name = Authentication.swift; path = Model/Authentication.swift; sourceTree = "<group>"; };
		44241A681AEDE224003C7DAF /* TextFieldTableViewCell.swift */ = {isa = PBXFileReference; fileEncoding = 4; lastKnownFileType = sourcecode.swift; name = TextFieldTableViewCell.swift; path = Model/TextFieldTableViewCell.swift; sourceTree = "<group>"; };
		44241A6A1AEDE2AA003C7DAF /* TextAreaTableViewCell.swift */ = {isa = PBXFileReference; fileEncoding = 4; lastKnownFileType = sourcecode.swift; name = TextAreaTableViewCell.swift; path = Model/TextAreaTableViewCell.swift; sourceTree = "<group>"; };
		44241A6C1AEDE303003C7DAF /* PickerViewTableViewCell.swift */ = {isa = PBXFileReference; fileEncoding = 4; lastKnownFileType = sourcecode.swift; name = PickerViewTableViewCell.swift; path = Model/PickerViewTableViewCell.swift; sourceTree = "<group>"; };
		44241A6E1AEDE370003C7DAF /* DatePickerTableViewCell.swift */ = {isa = PBXFileReference; fileEncoding = 4; lastKnownFileType = sourcecode.swift; name = DatePickerTableViewCell.swift; path = Model/DatePickerTableViewCell.swift; sourceTree = "<group>"; };
		44241A701AEDE40C003C7DAF /* NewOneTimeTableViewController.swift */ = {isa = PBXFileReference; fileEncoding = 4; lastKnownFileType = sourcecode.swift; name = NewOneTimeTableViewController.swift; path = ViewControllers/NewOneTimeTableViewController.swift; sourceTree = "<group>"; };
		44241A721AEDE9A4003C7DAF /* PhotoCaptureTableViewCell.swift */ = {isa = PBXFileReference; fileEncoding = 4; lastKnownFileType = sourcecode.swift; name = PhotoCaptureTableViewCell.swift; path = Model/PhotoCaptureTableViewCell.swift; sourceTree = "<group>"; };
		444946BC1AF046C100FB542F /* TripsChoiceTableViewController.swift */ = {isa = PBXFileReference; fileEncoding = 4; lastKnownFileType = sourcecode.swift; name = TripsChoiceTableViewController.swift; path = ViewControllers/TripsChoiceTableViewController.swift; sourceTree = "<group>"; };
		44B8C0DA1AEF3197003D283C /* NewTripTableViewController.swift */ = {isa = PBXFileReference; fileEncoding = 4; lastKnownFileType = sourcecode.swift; name = NewTripTableViewController.swift; path = ViewControllers/NewTripTableViewController.swift; sourceTree = "<group>"; };
		C19767AA1AC9FBD2007B4D85 /* newTripTableViewController.swift */ = {isa = PBXFileReference; fileEncoding = 4; lastKnownFileType = sourcecode.swift; path = newTripTableViewController.swift; sourceTree = "<group>"; };
		C1C83EE61AB37C000049DF64 /* NewOneTimeExpenseTableViewController.swift */ = {isa = PBXFileReference; fileEncoding = 4; lastKnownFileType = sourcecode.swift; path = NewOneTimeExpenseTableViewController.swift; sourceTree = "<group>"; };
		C1EAB3701AF1C9700040C543 /* ReceiptViewController.swift */ = {isa = PBXFileReference; fileEncoding = 4; lastKnownFileType = sourcecode.swift; path = ReceiptViewController.swift; sourceTree = "<group>"; };
/* End PBXFileReference section */

/* Begin PBXFrameworksBuildPhase section */
		293F44731A84073000A43234 /* Frameworks */ = {
			isa = PBXFrameworksBuildPhase;
			buildActionMask = 2147483647;
			files = (
			);
			runOnlyForDeploymentPostprocessing = 0;
		};
		293F44881A84073000A43234 /* Frameworks */ = {
			isa = PBXFrameworksBuildPhase;
			buildActionMask = 2147483647;
			files = (
			);
			runOnlyForDeploymentPostprocessing = 0;
		};
/* End PBXFrameworksBuildPhase section */

/* Begin PBXGroup section */
		290B81651AEC352800E6AEF5 /* Custom TableView Cells */ = {
			isa = PBXGroup;
			children = (
				290B81631AEC352000E6AEF5 /* DashboardTableViewCell.swift */,
				44241A681AEDE224003C7DAF /* TextFieldTableViewCell.swift */,
				44241A6A1AEDE2AA003C7DAF /* TextAreaTableViewCell.swift */,
				44241A6C1AEDE303003C7DAF /* PickerViewTableViewCell.swift */,
				44241A6E1AEDE370003C7DAF /* DatePickerTableViewCell.swift */,
				44241A721AEDE9A4003C7DAF /* PhotoCaptureTableViewCell.swift */,
			);
			name = "Custom TableView Cells";
			sourceTree = "<group>";
		};
		293F446D1A84073000A43234 = {
			isa = PBXGroup;
			children = (
				293F44781A84073000A43234 /* eXpense */,
				293F448E1A84073000A43234 /* eXpenseTests */,
				293F44771A84073000A43234 /* Products */,
			);
			sourceTree = "<group>";
		};
		293F44771A84073000A43234 /* Products */ = {
			isa = PBXGroup;
			children = (
				293F44761A84073000A43234 /* eXpense.app */,
				293F448B1A84073000A43234 /* eXpenseTests.xctest */,
			);
			name = Products;
			sourceTree = "<group>";
		};
		293F44781A84073000A43234 /* eXpense */ = {
			isa = PBXGroup;
			children = (
				293F447F1A84073000A43234 /* Main.storyboard */,
				290B81651AEC352800E6AEF5 /* Custom TableView Cells */,
				299E5E751A978572007A4A2E /* Model */,
				293F44791A84073000A43234 /* Supporting Files */,
				293F449D1A840EF700A43234 /* ViewControllers */,
			);
			path = eXpense;
			sourceTree = "<group>";
		};
		293F44791A84073000A43234 /* Supporting Files */ = {
			isa = PBXGroup;
			children = (
				293F44821A84073000A43234 /* Images.xcassets */,
				293F44841A84073000A43234 /* LaunchScreen.xib */,
				293F447B1A84073000A43234 /* AppDelegate.swift */,
				299359861A97DF4D0091259A /* TransitionManager.swift */,
				293F447A1A84073000A43234 /* Info.plist */,
			);
			name = "Supporting Files";
			sourceTree = "<group>";
		};
		293F448E1A84073000A43234 /* eXpenseTests */ = {
			isa = PBXGroup;
			children = (
				293F44911A84073000A43234 /* eXpenseTests.swift */,
				293F448F1A84073000A43234 /* Supporting Files */,
			);
			path = eXpenseTests;
			sourceTree = "<group>";
		};
		293F448F1A84073000A43234 /* Supporting Files */ = {
			isa = PBXGroup;
			children = (
				293F44901A84073000A43234 /* Info.plist */,
			);
			name = "Supporting Files";
			sourceTree = "<group>";
		};
		293F449D1A840EF700A43234 /* ViewControllers */ = {
			isa = PBXGroup;
			children = (
				C19767AA1AC9FBD2007B4D85 /* newTripTableViewController.swift */,
				293F44A21A840FA700A43234 /* TouchIDLoginViewController.swift */,
				293F44A01A840F8800A43234 /* LandingViewController.swift */,
				293F44A41A840FC100A43234 /* LoginViewController.swift */,
				293F44A61A840FEB00A43234 /* SignUpViewController.swift */,
				293F44A81A84109200A43234 /* DashboardViewController.swift */,
				293F44B01A84137700A43234 /* TripsViewController.swift */,
				C1C83EE61AB37C000049DF64 /* NewOneTimeExpenseTableViewController.swift */,
				44241A701AEDE40C003C7DAF /* NewOneTimeTableViewController.swift */,
				44B8C0DA1AEF3197003D283C /* NewTripTableViewController.swift */,
				444946BC1AF046C100FB542F /* TripsChoiceTableViewController.swift */,
				C1EAB3701AF1C9700040C543 /* ReceiptViewController.swift */,
			);
			name = ViewControllers;
			sourceTree = "<group>";
		};
		295B831E1AD996CB0032B9B4 /* Local JSON */ = {
			isa = PBXGroup;
			children = (
				298EC4141ACF331900764B54 /* oneTimeExpenses.json */,
				297A3C751AE000CC0070C8D2 /* tripExpenses.json */,
			);
			name = "Local JSON";
			sourceTree = "<group>";
		};
		295B831F1AD9971B0032B9B4 /* Model Classes */ = {
			isa = PBXGroup;
			children = (
				299E5E731A978566007A4A2E /* Model.swift */,
				29AE1D3F1A990FFF003C6142 /* Authentication.swift */,
			);
			name = "Model Classes";
			sourceTree = "<group>";
		};
		295B83201AD9995A0032B9B4 /* Custom Data Classes */ = {
			isa = PBXGroup;
			children = (
				295B831A1AD8C42A0032B9B4 /* TripExpense.swift */,
				297A3CA51AE0A4580070C8D2 /* Expense.swift */,
				295B83181AD8963B0032B9B4 /* OneTimeExpense.swift */,
			);
			name = "Custom Data Classes";
			sourceTree = "<group>";
		};
		299E5E751A978572007A4A2E /* Model */ = {
			isa = PBXGroup;
			children = (
				295B831E1AD996CB0032B9B4 /* Local JSON */,
				295B831F1AD9971B0032B9B4 /* Model Classes */,
				295B83201AD9995A0032B9B4 /* Custom Data Classes */,
			);
			name = Model;
			sourceTree = "<group>";
		};
/* End PBXGroup section */

/* Begin PBXNativeTarget section */
		293F44751A84073000A43234 /* eXpense */ = {
			isa = PBXNativeTarget;
			buildConfigurationList = 293F44951A84073000A43234 /* Build configuration list for PBXNativeTarget "eXpense" */;
			buildPhases = (
				293F44721A84073000A43234 /* Sources */,
				293F44731A84073000A43234 /* Frameworks */,
				293F44741A84073000A43234 /* Resources */,
			);
			buildRules = (
			);
			dependencies = (
			);
			name = eXpense;
			productName = eXpense;
			productReference = 293F44761A84073000A43234 /* eXpense.app */;
			productType = "com.apple.product-type.application";
		};
		293F448A1A84073000A43234 /* eXpenseTests */ = {
			isa = PBXNativeTarget;
			buildConfigurationList = 293F44981A84073000A43234 /* Build configuration list for PBXNativeTarget "eXpenseTests" */;
			buildPhases = (
				293F44871A84073000A43234 /* Sources */,
				293F44881A84073000A43234 /* Frameworks */,
				293F44891A84073000A43234 /* Resources */,
			);
			buildRules = (
			);
			dependencies = (
				293F448D1A84073000A43234 /* PBXTargetDependency */,
			);
			name = eXpenseTests;
			productName = eXpenseTests;
			productReference = 293F448B1A84073000A43234 /* eXpenseTests.xctest */;
			productType = "com.apple.product-type.bundle.unit-test";
		};
/* End PBXNativeTarget section */

/* Begin PBXProject section */
		293F446E1A84073000A43234 /* Project object */ = {
			isa = PBXProject;
			attributes = {
				LastUpgradeCheck = 0610;
				ORGANIZATIONNAME = "BoardPaq LLC";
				TargetAttributes = {
					293F44751A84073000A43234 = {
						CreatedOnToolsVersion = 6.1.1;
					};
					293F448A1A84073000A43234 = {
						CreatedOnToolsVersion = 6.1.1;
						TestTargetID = 293F44751A84073000A43234;
					};
				};
			};
			buildConfigurationList = 293F44711A84073000A43234 /* Build configuration list for PBXProject "eXpense" */;
			compatibilityVersion = "Xcode 3.2";
			developmentRegion = English;
			hasScannedForEncodings = 0;
			knownRegions = (
				en,
				Base,
			);
			mainGroup = 293F446D1A84073000A43234;
			productRefGroup = 293F44771A84073000A43234 /* Products */;
			projectDirPath = "";
			projectRoot = "";
			targets = (
				293F44751A84073000A43234 /* eXpense */,
				293F448A1A84073000A43234 /* eXpenseTests */,
			);
		};
/* End PBXProject section */

/* Begin PBXResourcesBuildPhase section */
		293F44741A84073000A43234 /* Resources */ = {
			isa = PBXResourcesBuildPhase;
			buildActionMask = 2147483647;
			files = (
				297A3C761AE000CC0070C8D2 /* tripExpenses.json in Resources */,
				298EC4151ACF331900764B54 /* oneTimeExpenses.json in Resources */,
				293F44811A84073000A43234 /* Main.storyboard in Resources */,
				293F44861A84073000A43234 /* LaunchScreen.xib in Resources */,
				293F44831A84073000A43234 /* Images.xcassets in Resources */,
			);
			runOnlyForDeploymentPostprocessing = 0;
		};
		293F44891A84073000A43234 /* Resources */ = {
			isa = PBXResourcesBuildPhase;
			buildActionMask = 2147483647;
			files = (
			);
			runOnlyForDeploymentPostprocessing = 0;
		};
/* End PBXResourcesBuildPhase section */

/* Begin PBXSourcesBuildPhase section */
		293F44721A84073000A43234 /* Sources */ = {
			isa = PBXSourcesBuildPhase;
			buildActionMask = 2147483647;
			files = (
				297A3CA61AE0A4580070C8D2 /* Expense.swift in Sources */,
				295B83191AD8963B0032B9B4 /* OneTimeExpense.swift in Sources */,
				293F44A51A840FC100A43234 /* LoginViewController.swift in Sources */,
				290B81641AEC352000E6AEF5 /* DashboardTableViewCell.swift in Sources */,
				293F44A91A84109200A43234 /* DashboardViewController.swift in Sources */,
				44241A6F1AEDE370003C7DAF /* DatePickerTableViewCell.swift in Sources */,
				C1C83EE71AB37C000049DF64 /* NewOneTimeExpenseTableViewController.swift in Sources */,
				44241A711AEDE40C003C7DAF /* NewOneTimeTableViewController.swift in Sources */,
				C19767AB1AC9FBD2007B4D85 /* newTripTableViewController.swift in Sources */,
				293F44B11A84137700A43234 /* TripsViewController.swift in Sources */,
				293F44A11A840F8800A43234 /* LandingViewController.swift in Sources */,
				444946BD1AF046C100FB542F /* TripsChoiceTableViewController.swift in Sources */,
				C1EAB3711AF1C9700040C543 /* ReceiptViewController.swift in Sources */,
				295B831B1AD8C42A0032B9B4 /* TripExpense.swift in Sources */,
				299E5E741A978566007A4A2E /* Model.swift in Sources */,
				293F44A31A840FA700A43234 /* TouchIDLoginViewController.swift in Sources */,
				293F447C1A84073000A43234 /* AppDelegate.swift in Sources */,
				293F44A71A840FEB00A43234 /* SignUpViewController.swift in Sources */,
				44241A691AEDE224003C7DAF /* TextFieldTableViewCell.swift in Sources */,
				44241A6D1AEDE303003C7DAF /* PickerViewTableViewCell.swift in Sources */,
				299359871A97DF4D0091259A /* TransitionManager.swift in Sources */,
				29AE1D401A990FFF003C6142 /* Authentication.swift in Sources */,
				44241A731AEDE9A4003C7DAF /* PhotoCaptureTableViewCell.swift in Sources */,
				44B8C0DB1AEF3197003D283C /* NewTripTableViewController.swift in Sources */,
				44241A6B1AEDE2AA003C7DAF /* TextAreaTableViewCell.swift in Sources */,
			);
			runOnlyForDeploymentPostprocessing = 0;
		};
		293F44871A84073000A43234 /* Sources */ = {
			isa = PBXSourcesBuildPhase;
			buildActionMask = 2147483647;
			files = (
				293F44921A84073000A43234 /* eXpenseTests.swift in Sources */,
			);
			runOnlyForDeploymentPostprocessing = 0;
		};
/* End PBXSourcesBuildPhase section */

/* Begin PBXTargetDependency section */
		293F448D1A84073000A43234 /* PBXTargetDependency */ = {
			isa = PBXTargetDependency;
			target = 293F44751A84073000A43234 /* eXpense */;
			targetProxy = 293F448C1A84073000A43234 /* PBXContainerItemProxy */;
		};
/* End PBXTargetDependency section */

/* Begin PBXVariantGroup section */
		293F447F1A84073000A43234 /* Main.storyboard */ = {
			isa = PBXVariantGroup;
			children = (
				293F44801A84073000A43234 /* Base */,
			);
			name = Main.storyboard;
			sourceTree = "<group>";
		};
		293F44841A84073000A43234 /* LaunchScreen.xib */ = {
			isa = PBXVariantGroup;
			children = (
				293F44851A84073000A43234 /* Base */,
			);
			name = LaunchScreen.xib;
			sourceTree = "<group>";
		};
/* End PBXVariantGroup section */

/* Begin XCBuildConfiguration section */
		293F44931A84073000A43234 /* Debug */ = {
			isa = XCBuildConfiguration;
			buildSettings = {
				ALWAYS_SEARCH_USER_PATHS = NO;
				CLANG_CXX_LANGUAGE_STANDARD = "gnu++0x";
				CLANG_CXX_LIBRARY = "libc++";
				CLANG_ENABLE_MODULES = YES;
				CLANG_ENABLE_OBJC_ARC = YES;
				CLANG_WARN_BOOL_CONVERSION = YES;
				CLANG_WARN_CONSTANT_CONVERSION = YES;
				CLANG_WARN_DIRECT_OBJC_ISA_USAGE = YES_ERROR;
				CLANG_WARN_EMPTY_BODY = YES;
				CLANG_WARN_ENUM_CONVERSION = YES;
				CLANG_WARN_INT_CONVERSION = YES;
				CLANG_WARN_OBJC_ROOT_CLASS = YES_ERROR;
				CLANG_WARN_UNREACHABLE_CODE = YES;
				CLANG_WARN__DUPLICATE_METHOD_MATCH = YES;
				"CODE_SIGN_IDENTITY[sdk=iphoneos*]" = "iPhone Developer";
				COPY_PHASE_STRIP = NO;
				ENABLE_STRICT_OBJC_MSGSEND = YES;
				GCC_C_LANGUAGE_STANDARD = gnu99;
				GCC_DYNAMIC_NO_PIC = NO;
				GCC_OPTIMIZATION_LEVEL = 0;
				GCC_PREPROCESSOR_DEFINITIONS = (
					"DEBUG=1",
					"$(inherited)",
				);
				GCC_SYMBOLS_PRIVATE_EXTERN = NO;
				GCC_WARN_64_TO_32_BIT_CONVERSION = YES;
				GCC_WARN_ABOUT_RETURN_TYPE = YES_ERROR;
				GCC_WARN_UNDECLARED_SELECTOR = YES;
				GCC_WARN_UNINITIALIZED_AUTOS = YES_AGGRESSIVE;
				GCC_WARN_UNUSED_FUNCTION = YES;
				GCC_WARN_UNUSED_VARIABLE = YES;
				IPHONEOS_DEPLOYMENT_TARGET = 8.1;
				MTL_ENABLE_DEBUG_INFO = YES;
				ONLY_ACTIVE_ARCH = YES;
				SDKROOT = iphoneos;
				SWIFT_OPTIMIZATION_LEVEL = "-Onone";
				TARGETED_DEVICE_FAMILY = "1,2";
			};
			name = Debug;
		};
		293F44941A84073000A43234 /* Release */ = {
			isa = XCBuildConfiguration;
			buildSettings = {
				ALWAYS_SEARCH_USER_PATHS = NO;
				CLANG_CXX_LANGUAGE_STANDARD = "gnu++0x";
				CLANG_CXX_LIBRARY = "libc++";
				CLANG_ENABLE_MODULES = YES;
				CLANG_ENABLE_OBJC_ARC = YES;
				CLANG_WARN_BOOL_CONVERSION = YES;
				CLANG_WARN_CONSTANT_CONVERSION = YES;
				CLANG_WARN_DIRECT_OBJC_ISA_USAGE = YES_ERROR;
				CLANG_WARN_EMPTY_BODY = YES;
				CLANG_WARN_ENUM_CONVERSION = YES;
				CLANG_WARN_INT_CONVERSION = YES;
				CLANG_WARN_OBJC_ROOT_CLASS = YES_ERROR;
				CLANG_WARN_UNREACHABLE_CODE = YES;
				CLANG_WARN__DUPLICATE_METHOD_MATCH = YES;
				"CODE_SIGN_IDENTITY[sdk=iphoneos*]" = "iPhone Developer";
				COPY_PHASE_STRIP = YES;
				ENABLE_NS_ASSERTIONS = NO;
				ENABLE_STRICT_OBJC_MSGSEND = YES;
				GCC_C_LANGUAGE_STANDARD = gnu99;
				GCC_WARN_64_TO_32_BIT_CONVERSION = YES;
				GCC_WARN_ABOUT_RETURN_TYPE = YES_ERROR;
				GCC_WARN_UNDECLARED_SELECTOR = YES;
				GCC_WARN_UNINITIALIZED_AUTOS = YES_AGGRESSIVE;
				GCC_WARN_UNUSED_FUNCTION = YES;
				GCC_WARN_UNUSED_VARIABLE = YES;
				IPHONEOS_DEPLOYMENT_TARGET = 8.1;
				MTL_ENABLE_DEBUG_INFO = NO;
				SDKROOT = iphoneos;
				TARGETED_DEVICE_FAMILY = "1,2";
				VALIDATE_PRODUCT = YES;
			};
			name = Release;
		};
		293F44961A84073000A43234 /* Debug */ = {
			isa = XCBuildConfiguration;
			buildSettings = {
				ASSETCATALOG_COMPILER_APPICON_NAME = AppIcon;
				INFOPLIST_FILE = eXpense/Info.plist;
				LD_RUNPATH_SEARCH_PATHS = "$(inherited) @executable_path/Frameworks";
				PRODUCT_NAME = "$(TARGET_NAME)";
			};
			name = Debug;
		};
		293F44971A84073000A43234 /* Release */ = {
			isa = XCBuildConfiguration;
			buildSettings = {
				ASSETCATALOG_COMPILER_APPICON_NAME = AppIcon;
				INFOPLIST_FILE = eXpense/Info.plist;
				LD_RUNPATH_SEARCH_PATHS = "$(inherited) @executable_path/Frameworks";
				PRODUCT_NAME = "$(TARGET_NAME)";
			};
			name = Release;
		};
		293F44991A84073000A43234 /* Debug */ = {
			isa = XCBuildConfiguration;
			buildSettings = {
				BUNDLE_LOADER = "$(TEST_HOST)";
				FRAMEWORK_SEARCH_PATHS = (
					"$(SDKROOT)/Developer/Library/Frameworks",
					"$(inherited)",
				);
				GCC_PREPROCESSOR_DEFINITIONS = (
					"DEBUG=1",
					"$(inherited)",
				);
				INFOPLIST_FILE = eXpenseTests/Info.plist;
				LD_RUNPATH_SEARCH_PATHS = "$(inherited) @executable_path/Frameworks @loader_path/Frameworks";
				PRODUCT_NAME = "$(TARGET_NAME)";
				TEST_HOST = "$(BUILT_PRODUCTS_DIR)/eXpense.app/eXpense";
			};
			name = Debug;
		};
		293F449A1A84073000A43234 /* Release */ = {
			isa = XCBuildConfiguration;
			buildSettings = {
				BUNDLE_LOADER = "$(TEST_HOST)";
				FRAMEWORK_SEARCH_PATHS = (
					"$(SDKROOT)/Developer/Library/Frameworks",
					"$(inherited)",
				);
				INFOPLIST_FILE = eXpenseTests/Info.plist;
				LD_RUNPATH_SEARCH_PATHS = "$(inherited) @executable_path/Frameworks @loader_path/Frameworks";
				PRODUCT_NAME = "$(TARGET_NAME)";
				TEST_HOST = "$(BUILT_PRODUCTS_DIR)/eXpense.app/eXpense";
			};
			name = Release;
		};
/* End XCBuildConfiguration section */

/* Begin XCConfigurationList section */
		293F44711A84073000A43234 /* Build configuration list for PBXProject "eXpense" */ = {
			isa = XCConfigurationList;
			buildConfigurations = (
				293F44931A84073000A43234 /* Debug */,
				293F44941A84073000A43234 /* Release */,
			);
			defaultConfigurationIsVisible = 0;
			defaultConfigurationName = Release;
		};
		293F44951A84073000A43234 /* Build configuration list for PBXNativeTarget "eXpense" */ = {
			isa = XCConfigurationList;
			buildConfigurations = (
				293F44961A84073000A43234 /* Debug */,
				293F44971A84073000A43234 /* Release */,
			);
			defaultConfigurationIsVisible = 0;
			defaultConfigurationName = Release;
		};
		293F44981A84073000A43234 /* Build configuration list for PBXNativeTarget "eXpenseTests" */ = {
			isa = XCConfigurationList;
			buildConfigurations = (
				293F44991A84073000A43234 /* Debug */,
				293F449A1A84073000A43234 /* Release */,
			);
			defaultConfigurationIsVisible = 0;
			defaultConfigurationName = Release;
		};
/* End XCConfigurationList section */
	};
	rootObject = 293F446E1A84073000A43234 /* Project object */;
}
